
Microsoft Visual Studio Solution File, Format Version 12.00
# Visual Studio Version 17
VisualStudioVersion = 17.8.34330.188
MinimumVisualStudioVersion = 10.0.40219.1
Project("{888888A0-9F3D-457C-B088-3A5042F75D52}") = "Sportsbetter", "Sportsbetter\Sportsbetter.pyproj", "{5D8C3CB1-274C-4B6B-893A-061B38E074DD}"
EndProject
Global
	GlobalSection(SolutionConfigurationPlatforms) = preSolution
		Debug|Any CPU = Debug|Any CPU
		Release|Any CPU = Release|Any CPU
	EndGlobalSection
	GlobalSection(ProjectConfigurationPlatforms) = postSolution
		{5D8C3CB1-274C-4B6B-893A-061B38E074DD}.Debug|Any CPU.ActiveCfg = Debug|Any CPU
		{5D8C3CB1-274C-4B6B-893A-061B38E074DD}.Release|Any CPU.ActiveCfg = Release|Any CPU
	EndGlobalSection
	GlobalSection(SolutionProperties) = preSolution
		HideSolutionNode = FALSE
	EndGlobalSection
	GlobalSection(ExtensibilityGlobals) = postSolution
		SolutionGuid = {8BC1594D-A42C-4E8A-A781-3721B24A1D22}
	EndGlobalSection
EndGlobal
